# This file is autogenerated, do not edit; changes may be undone by the next 'dep ensure'.


[[projects]]
  name = "github.com/ScottH323/goinsta"
  packages = [".","response","uuid"]
  revision = "5f6c22a03adcc575b35f7579e16eb7cd68e25eed"
  version = "1.1"

[[projects]]
  name = "github.com/ahmdrz/goinsta"
  packages = ["response","uuid"]
  revision = "5f6c22a03adcc575b35f7579e16eb7cd68e25eed"
  version = "1.1"

[solve-meta]
  analyzer-name = "dep"
  analyzer-version = 1
  inputs-digest = "f8ad37ae15371e15273cf621331f3cae5bfbf81216edf210e08cb51adf3e9327"
  solver-name = "gps-cdcl"
  solver-version = 1
